
Microsoft Visual Studio Solution File, Format Version 12.00
# Visual Studio Version 16
VisualStudioVersion = 16.0.30204.135
MinimumVisualStudioVersion = 10.0.40219.1
Project("{FAE04EC0-301F-11D3-BF4B-00C04F79EFBC}") = "BmstuCSharpBot", "BmstuCSharpBot\BmstuCSharpBot.csproj", "{A3FA0819-888B-411D-810D-43FF0A5BFE8D}"
EndProject
Project("{FAE04EC0-301F-11D3-BF4B-00C04F79EFBC}") = "IntermediateAssessment", "IntermediateAssessment\IntermediateAssessment.csproj", "{D44748C4-8CD7-484C-9AFD-D324C5032CB4}"
EndProject
Project("{FAE04EC0-301F-11D3-BF4B-00C04F79EFBC}") = "BotControlPanel", "BotControlPanel\BotControlPanel.csproj", "{FD87A6FD-5296-4C79-A03A-0290375846B3}"
EndProject
Project("{FAE04EC0-301F-11D3-BF4B-00C04F79EFBC}") = "CSharpBotCommon", "CSharpBotCommon\CSharpBotCommon.csproj", "{EBD3CEA2-3FE9-4224-93A0-65FDB94DF9E0}"
EndProject
Project("{FAE04EC0-301F-11D3-BF4B-00C04F79EFBC}") = "BotControlPanelWeb", "BotControlPanelWeb\BotControlPanelWeb.csproj", "{B76A64CA-112E-404C-86A8-3F9138A5B8CD}"
EndProject
Global
	GlobalSection(SolutionConfigurationPlatforms) = preSolution
		Debug|Any CPU = Debug|Any CPU
		Release|Any CPU = Release|Any CPU
	EndGlobalSection
	GlobalSection(ProjectConfigurationPlatforms) = postSolution
		{A3FA0819-888B-411D-810D-43FF0A5BFE8D}.Debug|Any CPU.ActiveCfg = Debug|Any CPU
		{A3FA0819-888B-411D-810D-43FF0A5BFE8D}.Debug|Any CPU.Build.0 = Debug|Any CPU
		{A3FA0819-888B-411D-810D-43FF0A5BFE8D}.Release|Any CPU.ActiveCfg = Release|Any CPU
		{A3FA0819-888B-411D-810D-43FF0A5BFE8D}.Release|Any CPU.Build.0 = Release|Any CPU
		{D44748C4-8CD7-484C-9AFD-D324C5032CB4}.Debug|Any CPU.ActiveCfg = Debug|Any CPU
		{D44748C4-8CD7-484C-9AFD-D324C5032CB4}.Debug|Any CPU.Build.0 = Debug|Any CPU
		{D44748C4-8CD7-484C-9AFD-D324C5032CB4}.Release|Any CPU.ActiveCfg = Release|Any CPU
		{D44748C4-8CD7-484C-9AFD-D324C5032CB4}.Release|Any CPU.Build.0 = Release|Any CPU
		{FD87A6FD-5296-4C79-A03A-0290375846B3}.Debug|Any CPU.ActiveCfg = Debug|Any CPU
		{FD87A6FD-5296-4C79-A03A-0290375846B3}.Debug|Any CPU.Build.0 = Debug|Any CPU
		{FD87A6FD-5296-4C79-A03A-0290375846B3}.Release|Any CPU.ActiveCfg = Release|Any CPU
		{FD87A6FD-5296-4C79-A03A-0290375846B3}.Release|Any CPU.Build.0 = Release|Any CPU
		{EBD3CEA2-3FE9-4224-93A0-65FDB94DF9E0}.Debug|Any CPU.ActiveCfg = Debug|Any CPU
		{EBD3CEA2-3FE9-4224-93A0-65FDB94DF9E0}.Debug|Any CPU.Build.0 = Debug|Any CPU
		{EBD3CEA2-3FE9-4224-93A0-65FDB94DF9E0}.Release|Any CPU.ActiveCfg = Release|Any CPU
		{EBD3CEA2-3FE9-4224-93A0-65FDB94DF9E0}.Release|Any CPU.Build.0 = Release|Any CPU
		{B76A64CA-112E-404C-86A8-3F9138A5B8CD}.Debug|Any CPU.ActiveCfg = Debug|Any CPU
		{B76A64CA-112E-404C-86A8-3F9138A5B8CD}.Debug|Any CPU.Build.0 = Debug|Any CPU
		{B76A64CA-112E-404C-86A8-3F9138A5B8CD}.Release|Any CPU.ActiveCfg = Release|Any CPU
		{B76A64CA-112E-404C-86A8-3F9138A5B8CD}.Release|Any CPU.Build.0 = Release|Any CPU
	EndGlobalSection
	GlobalSection(SolutionProperties) = preSolution
		HideSolutionNode = FALSE
	EndGlobalSection
	GlobalSection(ExtensibilityGlobals) = postSolution
		SolutionGuid = {32FDC5E5-6FA0-42DD-B59D-638C463E77D9}
	EndGlobalSection
EndGlobal
