
Microsoft Visual Studio Solution File, Format Version 12.00
# Visual Studio Version 16
VisualStudioVersion = 16.0.30204.135
MinimumVisualStudioVersion = 10.0.40219.1
Project("{FAE04EC0-301F-11D3-BF4B-00C04F79EFBC}") = "BmstuCSharpBot", "BmstuCSharpBot\BmstuCSharpBot.csproj", "{A3FA0819-888B-411D-810D-43FF0A5BFE8D}"
EndProject
Global
	GlobalSection(SolutionConfigurationPlatforms) = preSolution
		Debug|Any CPU = Debug|Any CPU
		Release|Any CPU = Release|Any CPU
	EndGlobalSection
	GlobalSection(ProjectConfigurationPlatforms) = postSolution
		{A3FA0819-888B-411D-810D-43FF0A5BFE8D}.Debug|Any CPU.ActiveCfg = Debug|Any CPU
		{A3FA0819-888B-411D-810D-43FF0A5BFE8D}.Debug|Any CPU.Build.0 = Debug|Any CPU
		{A3FA0819-888B-411D-810D-43FF0A5BFE8D}.Release|Any CPU.ActiveCfg = Release|Any CPU
		{A3FA0819-888B-411D-810D-43FF0A5BFE8D}.Release|Any CPU.Build.0 = Release|Any CPU
	EndGlobalSection
	GlobalSection(SolutionProperties) = preSolution
		HideSolutionNode = FALSE
	EndGlobalSection
	GlobalSection(ExtensibilityGlobals) = postSolution
		SolutionGuid = {32FDC5E5-6FA0-42DD-B59D-638C463E77D9}
	EndGlobalSection
EndGlobal
